{
  "name": "mount-js",
  "version": "0.0.7",
  "lockfileVersion": 1,
  "requires": true,
  "dependencies": {
    "@dojo/core": {
      "version": "0.5.0",
      "resolved": "https://registry.npmjs.org/@dojo/core/-/core-0.5.0.tgz",
      "integrity": "sha512-kEyKjH/HRMf7rXxFiOvM0Lco8fPcoGtECZx8kr2tskgrIBPN8F3aaRTT8GZ9duUjoIp953RK8ggbMzBt7+ap+Q==",
      "requires": {
        "tslib": "1.8.1"
      }
    },
    "@dojo/has": {
      "version": "0.1.2",
      "resolved": "https://registry.npmjs.org/@dojo/has/-/has-0.1.2.tgz",
      "integrity": "sha512-122xXU9xHjG/EayITIAiIdKVphZTZ2wM9IEBArarkBQzXZP1shGAbTJq7NHWUoTemw48tvTxr+OOi7wVCm7IXg=="
    },
    "@dojo/shim": {
      "version": "0.2.7",
      "resolved": "https://registry.npmjs.org/@dojo/shim/-/shim-0.2.7.tgz",
      "integrity": "sha512-3R/n4a1/17acl9S5Wtay/0rcKzUqtVVJkCLPrGZq4NmRzWop09Unryqg/GV0Y1V7SbcILHKBL7bOTEfrpVX63g==",
      "requires": {
        "intersection-observer": "0.4.2",
        "pepjs": "0.4.2",
        "tslib": "1.8.1",
        "web-animations-js": "2.3.1"
      }
    },
    "@types/node": {
      "version": "7.0.60",
      "resolved": "https://registry.npmjs.org/@types/node/-/node-7.0.60.tgz",
      "integrity": "sha512-ZfCUDgCOPBDn0aAsyBOcNh1nLksuGp3LAL+8GULccZN2IkMBG2KfiwFIRrIuQkLKg1W1dIB9kQZ9MIF3IgAqlw=="
    },
    "fs": {
      "version": "0.0.1-security",
      "resolved": "https://registry.npmjs.org/fs/-/fs-0.0.1-security.tgz",
      "integrity": "sha1-invTcYa23d84E/I4WLV+yq9eQdQ="
    },
    "intersection-observer": {
      "version": "0.4.2",
      "resolved": "https://registry.npmjs.org/intersection-observer/-/intersection-observer-0.4.2.tgz",
      "integrity": "sha512-SFGCL4d6A7J+aXNHTx94zV7ydngTKraDBvoJjn5iGgsXYhXgAXIYj8i3ewJoO80BRB7qtBB3sBlrdGNwTktzLg=="
    },
    "pepjs": {
      "version": "0.4.2",
      "resolved": "https://registry.npmjs.org/pepjs/-/pepjs-0.4.2.tgz",
      "integrity": "sha1-EyZO6olJhP9CPIPkDS+k4d7Byfo="
    },
    "tslib": {
      "version": "1.8.1",
      "resolved": "https://registry.npmjs.org/tslib/-/tslib-1.8.1.tgz",
      "integrity": "sha1-aUavLR1lGnsYY7Ux1uWvpBqkTqw="
    },
    "web-animations-js": {
      "version": "2.3.1",
      "resolved": "https://registry.npmjs.org/web-animations-js/-/web-animations-js-2.3.1.tgz",
      "integrity": "sha1-Om2bwVGWN3qQ+OKAP6UmIWWwRRA="
    }
  }
}
